# This file is @generated by PDM.
# It is not intended for manual editing.

[metadata]
groups = ["default"]
strategy = ["inherit_metadata"]
lock_version = "4.5.0"
content_hash = "sha256:d4821213e99bc5d325ab7659abebd731f745ea0e5c092aba05e149e1c5add7ec"

[[metadata.targets]]
requires_python = "==3.10.*"

[[package]]
name = "auditok"
version = "0.1.8"
summary = "A module for Audio/Acoustic Activity Detection"
groups = ["default"]
files = [
    {file = "auditok-0.1.8.tar.gz", hash = "sha256:41365252f5c9de51fb0ec6de6ccc83002c35f6717859c19c215ddc6706c6694e"},
]

[[package]]
name = "autosub"
version = "0.5.7a0"
git = "https://github.com/BingLingGroup/autosub.git"
ref = "dev"
revision = "c40a608b05ceda042e6f1d7126c13e7a1c9a3d9d"
summary = "Auto-generate subtitles for video/audio/subtitles file."
groups = ["default"]
dependencies = [
    "auditok<=0.1.8,>=0.1.5",
    "fuzzywuzzy>=0.18.0",
    "google-cloud-speech<2.0.0,>=1.3.1",
    "googletrans>=4.0.0rc1",
    "progressbar2>=3.34.3",
    "pysubs2>=0.2.4",
    "python-docx>=0.8.10",
    "requests>=2.3.0",
    "send2trash>=1.5.0",
    "wcwidth>=0.1.7",
    "websocket-client>=0.56.0",
]

[[package]]
name = "cached-property"
version = "1.5.2"
summary = "A decorator for caching properties in classes."
groups = ["default"]
files = [
    {file = "cached-property-1.5.2.tar.gz", hash = "sha256:9fa5755838eecbb2d234c3aa390bd80fbd3ac6b6869109bfc1b499f7bd89a130"},
    {file = "cached_property-1.5.2-py2.py3-none-any.whl", hash = "sha256:df4f613cf7ad9a588cc381aaf4a512d26265ecebd5eb9e1ba12f1319eb85a6a0"},
]

[[package]]
name = "cachetools"
version = "5.4.0"
requires_python = ">=3.7"
summary = "Extensible memoizing collections and decorators"
groups = ["default"]
files = [
    {file = "cachetools-5.4.0-py3-none-any.whl", hash = "sha256:3ae3b49a3d5e28a77a0be2b37dbcb89005058959cb2323858c2657c4a8cab474"},
    {file = "cachetools-5.4.0.tar.gz", hash = "sha256:b8adc2e7c07f105ced7bc56dbb6dfbe7c4a00acce20e2227b3f355be89bc6827"},
]

[[package]]
name = "certifi"
version = "2024.7.4"
requires_python = ">=3.6"
summary = "Python package for providing Mozilla's CA Bundle."
groups = ["default"]
files = [
    {file = "certifi-2024.7.4-py3-none-any.whl", hash = "sha256:c198e21b1289c2ab85ee4e67bb4b4ef3ead0892059901a8d5b622f24a1101e90"},
    {file = "certifi-2024.7.4.tar.gz", hash = "sha256:5a1e7645bc0ec61a09e26c36f6106dd4cf40c6db3a1fb6352b0244e7fb057c7b"},
]

[[package]]
name = "cffi"
version = "1.17.0"
requires_python = ">=3.8"
summary = "Foreign Function Interface for Python calling C code."
groups = ["default"]
marker = "platform_python_implementation == \"CPython\" and sys_platform == \"win32\""
dependencies = [
    "pycparser",
]
files = [
    {file = "cffi-1.17.0-cp310-cp310-macosx_10_9_x86_64.whl", hash = "sha256:f9338cc05451f1942d0d8203ec2c346c830f8e86469903d5126c1f0a13a2bcbb"},
    {file = "cffi-1.17.0-cp310-cp310-macosx_11_0_arm64.whl", hash = "sha256:a0ce71725cacc9ebf839630772b07eeec220cbb5f03be1399e0457a1464f8e1a"},
    {file = "cffi-1.17.0-cp310-cp310-manylinux_2_12_i686.manylinux2010_i686.manylinux_2_17_i686.manylinux2014_i686.whl", hash = "sha256:c815270206f983309915a6844fe994b2fa47e5d05c4c4cef267c3b30e34dbe42"},
    {file = "cffi-1.17.0-cp310-cp310-manylinux_2_17_aarch64.manylinux2014_aarch64.whl", hash = "sha256:d6bdcd415ba87846fd317bee0774e412e8792832e7805938987e4ede1d13046d"},
    {file = "cffi-1.17.0-cp310-cp310-manylinux_2_17_ppc64le.manylinux2014_ppc64le.whl", hash = "sha256:8a98748ed1a1df4ee1d6f927e151ed6c1a09d5ec21684de879c7ea6aa96f58f2"},
    {file = "cffi-1.17.0-cp310-cp310-manylinux_2_17_s390x.manylinux2014_s390x.whl", hash = "sha256:0a048d4f6630113e54bb4b77e315e1ba32a5a31512c31a273807d0027a7e69ab"},
    {file = "cffi-1.17.0-cp310-cp310-manylinux_2_17_x86_64.manylinux2014_x86_64.whl", hash = "sha256:24aa705a5f5bd3a8bcfa4d123f03413de5d86e497435693b638cbffb7d5d8a1b"},
    {file = "cffi-1.17.0-cp310-cp310-musllinux_1_1_aarch64.whl", hash = "sha256:856bf0924d24e7f93b8aee12a3a1095c34085600aa805693fb7f5d1962393206"},
    {file = "cffi-1.17.0-cp310-cp310-musllinux_1_1_i686.whl", hash = "sha256:4304d4416ff032ed50ad6bb87416d802e67139e31c0bde4628f36a47a3164bfa"},
    {file = "cffi-1.17.0-cp310-cp310-musllinux_1_1_x86_64.whl", hash = "sha256:331ad15c39c9fe9186ceaf87203a9ecf5ae0ba2538c9e898e3a6967e8ad3db6f"},
    {file = "cffi-1.17.0-cp310-cp310-win32.whl", hash = "sha256:669b29a9eca6146465cc574659058ed949748f0809a2582d1f1a324eb91054dc"},
    {file = "cffi-1.17.0-cp310-cp310-win_amd64.whl", hash = "sha256:48b389b1fd5144603d61d752afd7167dfd205973a43151ae5045b35793232aa2"},
    {file = "cffi-1.17.0.tar.gz", hash = "sha256:f3157624b7558b914cb039fd1af735e5e8049a87c817cc215109ad1c8779df76"},
]

[[package]]
name = "chardet"
version = "3.0.4"
summary = "Universal encoding detector for Python 2 and 3"
groups = ["default"]
files = [
    {file = "chardet-3.0.4-py2.py3-none-any.whl", hash = "sha256:fc323ffcaeaed0e0a02bf4d117757b98aed530d9ed4531e3e15460124c106691"},
    {file = "chardet-3.0.4.tar.gz", hash = "sha256:84ab92ed1c4d4f16916e05906b6b75a6c0fb5db821cc65e70cbd64a3e2a5eaae"},
]

[[package]]
name = "charset-normalizer"
version = "3.3.2"
requires_python = ">=3.7.0"
summary = "The Real First Universal Charset Detector. Open, modern and actively maintained alternative to Chardet."
groups = ["default"]
files = [
    {file = "charset-normalizer-3.3.2.tar.gz", hash = "sha256:f30c3cb33b24454a82faecaf01b19c18562b1e89558fb6c56de4d9118a032fd5"},
    {file = "charset_normalizer-3.3.2-cp310-cp310-macosx_10_9_universal2.whl", hash = "sha256:25baf083bf6f6b341f4121c2f3c548875ee6f5339300e08be3f2b2ba1721cdd3"},
    {file = "charset_normalizer-3.3.2-cp310-cp310-macosx_10_9_x86_64.whl", hash = "sha256:06435b539f889b1f6f4ac1758871aae42dc3a8c0e24ac9e60c2384973ad73027"},
    {file = "charset_normalizer-3.3.2-cp310-cp310-macosx_11_0_arm64.whl", hash = "sha256:9063e24fdb1e498ab71cb7419e24622516c4a04476b17a2dab57e8baa30d6e03"},
    {file = "charset_normalizer-3.3.2-cp310-cp310-manylinux_2_17_aarch64.manylinux2014_aarch64.whl", hash = "sha256:6897af51655e3691ff853668779c7bad41579facacf5fd7253b0133308cf000d"},
    {file = "charset_normalizer-3.3.2-cp310-cp310-manylinux_2_17_ppc64le.manylinux2014_ppc64le.whl", hash = "sha256:1d3193f4a680c64b4b6a9115943538edb896edc190f0b222e73761716519268e"},
    {file = "charset_normalizer-3.3.2-cp310-cp310-manylinux_2_17_s390x.manylinux2014_s390x.whl", hash = "sha256:cd70574b12bb8a4d2aaa0094515df2463cb429d8536cfb6c7ce983246983e5a6"},
    {file = "charset_normalizer-3.3.2-cp310-cp310-manylinux_2_17_x86_64.manylinux2014_x86_64.whl", hash = "sha256:8465322196c8b4d7ab6d1e049e4c5cb460d0394da4a27d23cc242fbf0034b6b5"},
    {file = "charset_normalizer-3.3.2-cp310-cp310-manylinux_2_5_i686.manylinux1_i686.manylinux_2_17_i686.manylinux2014_i686.whl", hash = "sha256:a9a8e9031d613fd2009c182b69c7b2c1ef8239a0efb1df3f7c8da66d5dd3d537"},
    {file = "charset_normalizer-3.3.2-cp310-cp310-musllinux_1_1_aarch64.whl", hash = "sha256:beb58fe5cdb101e3a055192ac291b7a21e3b7ef4f67fa1d74e331a7f2124341c"},
    {file = "charset_normalizer-3.3.2-cp310-cp310-musllinux_1_1_i686.whl", hash = "sha256:e06ed3eb3218bc64786f7db41917d4e686cc4856944f53d5bdf83a6884432e12"},
    {file = "charset_normalizer-3.3.2-cp310-cp310-musllinux_1_1_ppc64le.whl", hash = "sha256:2e81c7b9c8979ce92ed306c249d46894776a909505d8f5a4ba55b14206e3222f"},
    {file = "charset_normalizer-3.3.2-cp310-cp310-musllinux_1_1_s390x.whl", hash = "sha256:572c3763a264ba47b3cf708a44ce965d98555f618ca42c926a9c1616d8f34269"},
    {file = "charset_normalizer-3.3.2-cp310-cp310-musllinux_1_1_x86_64.whl", hash = "sha256:fd1abc0d89e30cc4e02e4064dc67fcc51bd941eb395c502aac3ec19fab46b519"},
    {file = "charset_normalizer-3.3.2-cp310-cp310-win32.whl", hash = "sha256:3d47fa203a7bd9c5b6cee4736ee84ca03b8ef23193c0d1ca99b5089f72645c73"},
    {file = "charset_normalizer-3.3.2-cp310-cp310-win_amd64.whl", hash = "sha256:10955842570876604d404661fbccbc9c7e684caf432c09c715ec38fbae45ae09"},
    {file = "charset_normalizer-3.3.2-py3-none-any.whl", hash = "sha256:3e4d1f6587322d2788836a99c69062fbb091331ec940e02d12d179c1d53e25fc"},
]

[[package]]
name = "chevron"
version = "0.14.0"
summary = "Mustache templating language renderer"
groups = ["default"]
files = [
    {file = "chevron-0.14.0-py3-none-any.whl", hash = "sha256:fbf996a709f8da2e745ef763f482ce2d311aa817d287593a5b990d6d6e4f0443"},
    {file = "chevron-0.14.0.tar.gz", hash = "sha256:87613aafdf6d77b6a90ff073165a61ae5086e21ad49057aa0e53681601800ebf"},
]

[[package]]
name = "fire"
version = "0.6.0"
summary = "A library for automatically generating command line interfaces."
groups = ["default"]
dependencies = [
    "enum34; python_version < \"3.4\"",
    "six",
    "termcolor",
]
files = [
    {file = "fire-0.6.0.tar.gz", hash = "sha256:54ec5b996ecdd3c0309c800324a0703d6da512241bc73b553db959d98de0aa66"},
]

[[package]]
name = "frozendict"
version = "2.4.4"
requires_python = ">=3.6"
summary = "A simple immutable dictionary"
groups = ["default"]
files = [
    {file = "frozendict-2.4.4-cp310-cp310-macosx_11_0_arm64.whl", hash = "sha256:4a59578d47b3949437519b5c39a016a6116b9e787bb19289e333faae81462e59"},
    {file = "frozendict-2.4.4-cp310-cp310-manylinux_2_17_aarch64.manylinux2014_aarch64.whl", hash = "sha256:12a342e439aef28ccec533f0253ea53d75fe9102bd6ea928ff530e76eac38906"},
    {file = "frozendict-2.4.4-cp310-cp310-manylinux_2_17_x86_64.manylinux2014_x86_64.whl", hash = "sha256:7f79c26dff10ce11dad3b3627c89bb2e87b9dd5958c2b24325f16a23019b8b94"},
    {file = "frozendict-2.4.4-cp310-cp310-musllinux_1_1_aarch64.whl", hash = "sha256:2bd009cf4fc47972838a91e9b83654dc9a095dc4f2bb3a37c3f3124c8a364543"},
    {file = "frozendict-2.4.4-cp310-cp310-musllinux_1_1_x86_64.whl", hash = "sha256:87ebcde21565a14fe039672c25550060d6f6d88cf1f339beac094c3b10004eb0"},
    {file = "frozendict-2.4.4-cp310-cp310-win_amd64.whl", hash = "sha256:fefeb700bc7eb8b4c2dc48704e4221860d254c8989fb53488540bc44e44a1ac2"},
    {file = "frozendict-2.4.4-cp310-cp310-win_arm64.whl", hash = "sha256:4297d694eb600efa429769125a6f910ec02b85606f22f178bafbee309e7d3ec7"},
    {file = "frozendict-2.4.4.tar.gz", hash = "sha256:3f7c031b26e4ee6a3f786ceb5e3abf1181c4ade92dce1f847da26ea2c96008c7"},
]

[[package]]
name = "fuzzywuzzy"
version = "0.18.0"
summary = "Fuzzy string matching in python"
groups = ["default"]
files = [
    {file = "fuzzywuzzy-0.18.0-py2.py3-none-any.whl", hash = "sha256:928244b28db720d1e0ee7587acf660ea49d7e4c632569cad4f1cd7e68a5f0993"},
    {file = "fuzzywuzzy-0.18.0.tar.gz", hash = "sha256:45016e92264780e58972dca1b3d939ac864b78437422beecebb3095f8efd00e8"},
]

[[package]]
name = "genanki"
version = "0.13.1"
requires_python = ">=3.6"
summary = "Generate Anki decks programmatically"
groups = ["default"]
dependencies = [
    "cached-property",
    "chevron",
    "frozendict",
    "pyyaml",
]
files = [
    {file = "genanki-0.13.1-py3-none-any.whl", hash = "sha256:65b59434008588a1213b940474d1aca8cca83243af6fc0e26200b560efe4d9e3"},
    {file = "genanki-0.13.1.tar.gz", hash = "sha256:84d090423a8879520465bfe9784083edacb8d35e2ba511fa5a1bdef01d8f71ed"},
]

[[package]]
name = "gevent"
version = "24.2.1"
requires_python = ">=3.8"
summary = "Coroutine-based network library"
groups = ["default"]
dependencies = [
    "cffi>=1.12.2; platform_python_implementation == \"CPython\" and sys_platform == \"win32\"",
    "greenlet>=2.0.0; platform_python_implementation == \"CPython\" and python_version < \"3.11\"",
    "greenlet>=3.0rc3; platform_python_implementation == \"CPython\" and python_version >= \"3.11\"",
    "zope-event",
    "zope-interface",
]
files = [
    {file = "gevent-24.2.1-cp310-cp310-macosx_11_0_universal2.whl", hash = "sha256:6f947a9abc1a129858391b3d9334c45041c08a0f23d14333d5b844b6e5c17a07"},
    {file = "gevent-24.2.1-cp310-cp310-manylinux_2_17_aarch64.manylinux2014_aarch64.whl", hash = "sha256:bde283313daf0b34a8d1bab30325f5cb0f4e11b5869dbe5bc61f8fe09a8f66f3"},
    {file = "gevent-24.2.1-cp310-cp310-manylinux_2_17_ppc64le.manylinux2014_ppc64le.whl", hash = "sha256:5a1df555431f5cd5cc189a6ee3544d24f8c52f2529134685f1e878c4972ab026"},
    {file = "gevent-24.2.1-cp310-cp310-manylinux_2_17_s390x.manylinux2014_s390x.whl", hash = "sha256:14532a67f7cb29fb055a0e9b39f16b88ed22c66b96641df8c04bdc38c26b9ea5"},
    {file = "gevent-24.2.1-cp310-cp310-manylinux_2_17_x86_64.manylinux2014_x86_64.whl", hash = "sha256:dd23df885318391856415e20acfd51a985cba6919f0be78ed89f5db9ff3a31cb"},
    {file = "gevent-24.2.1-cp310-cp310-manylinux_2_28_x86_64.whl", hash = "sha256:ca80b121bbec76d7794fcb45e65a7eca660a76cc1a104ed439cdbd7df5f0b060"},
    {file = "gevent-24.2.1-cp310-cp310-musllinux_1_1_aarch64.whl", hash = "sha256:b9913c45d1be52d7a5db0c63977eebb51f68a2d5e6fd922d1d9b5e5fd758cc98"},
    {file = "gevent-24.2.1-cp310-cp310-musllinux_1_1_x86_64.whl", hash = "sha256:918cdf8751b24986f915d743225ad6b702f83e1106e08a63b736e3a4c6ead789"},
    {file = "gevent-24.2.1-cp310-cp310-win_amd64.whl", hash = "sha256:3d5325ccfadfd3dcf72ff88a92fb8fc0b56cacc7225f0f4b6dcf186c1a6eeabc"},
    {file = "gevent-24.2.1-pp310-pypy310_pp73-macosx_11_0_universal2.whl", hash = "sha256:7b00f8c9065de3ad226f7979154a7b27f3b9151c8055c162332369262fc025d8"},
    {file = "gevent-24.2.1.tar.gz", hash = "sha256:432fc76f680acf7cf188c2ee0f5d3ab73b63c1f03114c7cd8a34cebbe5aa2056"},
]

[[package]]
name = "google-api-core"
version = "2.19.1"
requires_python = ">=3.7"
summary = "Google API client core library"
groups = ["default"]
dependencies = [
    "google-auth<3.0.dev0,>=2.14.1",
    "googleapis-common-protos<2.0.dev0,>=1.56.2",
    "proto-plus<2.0.0dev,>=1.22.3",
    "protobuf!=3.20.0,!=3.20.1,!=4.21.0,!=4.21.1,!=4.21.2,!=4.21.3,!=4.21.4,!=4.21.5,<6.0.0.dev0,>=3.19.5",
    "requests<3.0.0.dev0,>=2.18.0",
]
files = [
    {file = "google-api-core-2.19.1.tar.gz", hash = "sha256:f4695f1e3650b316a795108a76a1c416e6afb036199d1c1f1f110916df479ffd"},
    {file = "google_api_core-2.19.1-py3-none-any.whl", hash = "sha256:f12a9b8309b5e21d92483bbd47ce2c445861ec7d269ef6784ecc0ea8c1fa6125"},
]

[[package]]
name = "google-api-core"
version = "2.19.1"
extras = ["grpc"]
requires_python = ">=3.7"
summary = "Google API client core library"
groups = ["default"]
dependencies = [
    "google-api-core==2.19.1",
    "grpcio-status<2.0.dev0,>=1.33.2",
    "grpcio-status<2.0.dev0,>=1.49.1; python_version >= \"3.11\"",
    "grpcio<2.0dev,>=1.33.2",
    "grpcio<2.0dev,>=1.49.1; python_version >= \"3.11\"",
]
files = [
    {file = "google-api-core-2.19.1.tar.gz", hash = "sha256:f4695f1e3650b316a795108a76a1c416e6afb036199d1c1f1f110916df479ffd"},
    {file = "google_api_core-2.19.1-py3-none-any.whl", hash = "sha256:f12a9b8309b5e21d92483bbd47ce2c445861ec7d269ef6784ecc0ea8c1fa6125"},
]

[[package]]
name = "google-auth"
version = "2.33.0"
requires_python = ">=3.7"
summary = "Google Authentication Library"
groups = ["default"]
dependencies = [
    "cachetools<6.0,>=2.0.0",
    "pyasn1-modules>=0.2.1",
    "rsa<5,>=3.1.4",
]
files = [
    {file = "google_auth-2.33.0-py2.py3-none-any.whl", hash = "sha256:8eff47d0d4a34ab6265c50a106a3362de6a9975bb08998700e389f857e4d39df"},
    {file = "google_auth-2.33.0.tar.gz", hash = "sha256:d6a52342160d7290e334b4d47ba390767e4438ad0d45b7630774533e82655b95"},
]

[[package]]
name = "google-cloud-speech"
version = "1.3.4"
requires_python = ">=2.7,!=3.0.*,!=3.1.*,!=3.2.*,!=3.3.*"
summary = "Google Cloud Speech API client library"
groups = ["default"]
dependencies = [
    "google-api-core[grpc]!=2.0.*,!=2.1.*,!=2.2.*,!=2.3.0,<3.0.0dev,>=1.31.5",
    "protobuf<4.0.0dev",
]
files = [
    {file = "google-cloud-speech-1.3.4.tar.gz", hash = "sha256:1e3bdf0a7bf5c4d5406d0a307597249004b61ad1e857b633311dd4cde135263d"},
    {file = "google_cloud_speech-1.3.4-py2.py3-none-any.whl", hash = "sha256:8be8d04f1b5b3aefbef5fdbb59a60c81e016ffa43e884e95c9d8ab4d7d56da6d"},
]

[[package]]
name = "googleapis-common-protos"
version = "1.63.2"
requires_python = ">=3.7"
summary = "Common protobufs used in Google APIs"
groups = ["default"]
dependencies = [
    "protobuf!=3.20.0,!=3.20.1,!=4.21.1,!=4.21.2,!=4.21.3,!=4.21.4,!=4.21.5,<6.0.0.dev0,>=3.20.2",
]
files = [
    {file = "googleapis-common-protos-1.63.2.tar.gz", hash = "sha256:27c5abdffc4911f28101e635de1533fb4cfd2c37fbaa9174587c799fac90aa87"},
    {file = "googleapis_common_protos-1.63.2-py2.py3-none-any.whl", hash = "sha256:27a2499c7e8aff199665b22741997e485eccc8645aa9176c7c988e6fae507945"},
]

[[package]]
name = "googletrans"
version = "4.0.0rc1"
requires_python = ">=3.6"
summary = "Free Google Translate API for Python. Translates totally free of charge."
groups = ["default"]
dependencies = [
    "httpx==0.13.3",
]
files = [
    {file = "googletrans-4.0.0rc1.tar.gz", hash = "sha256:74df47b092e2d566522019d149e3f1d75732570ad76eaf8e14aebeffc126c372"},
]

[[package]]
name = "greenlet"
version = "3.0.3"
requires_python = ">=3.7"
summary = "Lightweight in-process concurrent programming"
groups = ["default"]
marker = "platform_python_implementation == \"CPython\" and python_version < \"3.11\""
files = [
    {file = "greenlet-3.0.3-cp310-cp310-macosx_11_0_universal2.whl", hash = "sha256:9da2bd29ed9e4f15955dd1595ad7bc9320308a3b766ef7f837e23ad4b4aac31a"},
    {file = "greenlet-3.0.3-cp310-cp310-manylinux_2_17_aarch64.manylinux2014_aarch64.whl", hash = "sha256:d353cadd6083fdb056bb46ed07e4340b0869c305c8ca54ef9da3421acbdf6881"},
    {file = "greenlet-3.0.3-cp310-cp310-manylinux_2_17_ppc64le.manylinux2014_ppc64le.whl", hash = "sha256:dca1e2f3ca00b84a396bc1bce13dd21f680f035314d2379c4160c98153b2059b"},
    {file = "greenlet-3.0.3-cp310-cp310-manylinux_2_17_s390x.manylinux2014_s390x.whl", hash = "sha256:3ed7fb269f15dc662787f4119ec300ad0702fa1b19d2135a37c2c4de6fadfd4a"},
    {file = "greenlet-3.0.3-cp310-cp310-manylinux_2_17_x86_64.manylinux2014_x86_64.whl", hash = "sha256:dd4f49ae60e10adbc94b45c0b5e6a179acc1736cf7a90160b404076ee283cf83"},
    {file = "greenlet-3.0.3-cp310-cp310-manylinux_2_24_x86_64.manylinux_2_28_x86_64.whl", hash = "sha256:73a411ef564e0e097dbe7e866bb2dda0f027e072b04da387282b02c308807405"},
    {file = "greenlet-3.0.3-cp310-cp310-musllinux_1_1_aarch64.whl", hash = "sha256:7f362975f2d179f9e26928c5b517524e89dd48530a0202570d55ad6ca5d8a56f"},
    {file = "greenlet-3.0.3-cp310-cp310-musllinux_1_1_x86_64.whl", hash = "sha256:649dde7de1a5eceb258f9cb00bdf50e978c9db1b996964cd80703614c86495eb"},
    {file = "greenlet-3.0.3-cp310-cp310-win_amd64.whl", hash = "sha256:68834da854554926fbedd38c76e60c4a2e3198c6fbed520b106a8986445caaf9"},
    {file = "greenlet-3.0.3.tar.gz", hash = "sha256:43374442353259554ce33599da8b692d5aa96f8976d567d4badf263371fbe491"},
]

[[package]]
name = "grequests"
version = "0.7.0"
summary = "Requests + Gevent"
groups = ["default"]
dependencies = [
    "gevent",
    "requests",
]
files = [
    {file = "grequests-0.7.0-py2.py3-none-any.whl", hash = "sha256:4733edfcece027de25ae8eff86a87f563d7e829fdacbf3ce8b3aeea507694287"},
    {file = "grequests-0.7.0.tar.gz", hash = "sha256:5c33f14268df5b8fa1107d8537815be6febbad6ec560524d6a404b7778cf6ba6"},
]

[[package]]
name = "grpcio"
version = "1.65.5"
requires_python = ">=3.8"
summary = "HTTP/2-based RPC framework"
groups = ["default"]
files = [
    {file = "grpcio-1.65.5-cp310-cp310-linux_armv7l.whl", hash = "sha256:b67d450f1e008fedcd81e097a3a400a711d8be1a8b20f852a7b8a73fead50fe3"},
    {file = "grpcio-1.65.5-cp310-cp310-macosx_12_0_universal2.whl", hash = "sha256:a70a20eed87bba647a38bedd93b3ce7db64b3f0e8e0952315237f7f5ca97b02d"},
    {file = "grpcio-1.65.5-cp310-cp310-manylinux_2_17_aarch64.whl", hash = "sha256:f79c87c114bf37adf408026b9e2e333fe9ff31dfc9648f6f80776c513145c813"},
    {file = "grpcio-1.65.5-cp310-cp310-manylinux_2_17_i686.manylinux2014_i686.whl", hash = "sha256:f17f9fa2d947dbfaca01b3ab2c62eefa8240131fdc67b924eb42ce6032e3e5c1"},
    {file = "grpcio-1.65.5-cp310-cp310-manylinux_2_17_x86_64.manylinux2014_x86_64.whl", hash = "sha256:32d60e18ff7c34fe3f6db3d35ad5c6dc99f5b43ff3982cb26fad4174462d10b1"},
    {file = "grpcio-1.65.5-cp310-cp310-musllinux_1_1_i686.whl", hash = "sha256:fe6505376f5b00bb008e4e1418152e3ad3d954b629da286c7913ff3cfc0ff740"},
    {file = "grpcio-1.65.5-cp310-cp310-musllinux_1_1_x86_64.whl", hash = "sha256:33158e56c6378063923c417e9fbdb28660b6e0e2835af42e67f5a7793f587af7"},
    {file = "grpcio-1.65.5-cp310-cp310-win32.whl", hash = "sha256:1cbc208edb9acf1cc339396a1a36b83796939be52f34e591c90292045b579fbf"},
    {file = "grpcio-1.65.5-cp310-cp310-win_amd64.whl", hash = "sha256:bc74f3f745c37e2c5685c9d2a2d5a94de00f286963f5213f763ae137bf4f2358"},
    {file = "grpcio-1.65.5.tar.gz", hash = "sha256:ec6f219fb5d677a522b0deaf43cea6697b16f338cb68d009e30930c4aa0d2209"},
]

[[package]]
name = "grpcio-status"
version = "1.48.2"
requires_python = ">=3.6"
summary = "Status proto mapping for gRPC"
groups = ["default"]
dependencies = [
    "googleapis-common-protos>=1.5.5",
    "grpcio>=1.48.2",
    "protobuf>=3.12.0",
]
files = [
    {file = "grpcio-status-1.48.2.tar.gz", hash = "sha256:53695f45da07437b7c344ee4ef60d370fd2850179f5a28bb26d8e2aa1102ec11"},
    {file = "grpcio_status-1.48.2-py3-none-any.whl", hash = "sha256:2c33bbdbe20188b2953f46f31af669263b6ee2a9b2d38fa0d36ee091532e21bf"},
]

[[package]]
name = "h11"
version = "0.9.0"
summary = "A pure-Python, bring-your-own-I/O implementation of HTTP/1.1"
groups = ["default"]
files = [
    {file = "h11-0.9.0-py2.py3-none-any.whl", hash = "sha256:4bc6d6a1238b7615b266ada57e0618568066f57dd6fa967d1290ec9309b2f2f1"},
    {file = "h11-0.9.0.tar.gz", hash = "sha256:33d4bca7be0fa039f4e84d50ab00531047e53d6ee8ffbc83501ea602c169cae1"},
]

[[package]]
name = "h2"
version = "3.2.0"
summary = "HTTP/2 State-Machine based protocol implementation"
groups = ["default"]
dependencies = [
    "enum34<2,>=1.1.6; python_version == \"2.7\"",
    "hpack<4,>=3.0",
    "hyperframe<6,>=5.2.0",
]
files = [
    {file = "h2-3.2.0-py2.py3-none-any.whl", hash = "sha256:61e0f6601fa709f35cdb730863b4e5ec7ad449792add80d1410d4174ed139af5"},
    {file = "h2-3.2.0.tar.gz", hash = "sha256:875f41ebd6f2c44781259005b157faed1a5031df3ae5aa7bcb4628a6c0782f14"},
]

[[package]]
name = "hpack"
version = "3.0.0"
summary = "Pure-Python HPACK header compression"
groups = ["default"]
files = [
    {file = "hpack-3.0.0-py2.py3-none-any.whl", hash = "sha256:0edd79eda27a53ba5be2dfabf3b15780928a0dff6eb0c60a3d6767720e970c89"},
    {file = "hpack-3.0.0.tar.gz", hash = "sha256:8eec9c1f4bfae3408a3f30500261f7e6a65912dc138526ea054f9ad98892e9d2"},
]

[[package]]
name = "hstspreload"
version = "2024.8.1"
requires_python = ">=3.6"
summary = "Chromium HSTS Preload list as a Python package"
groups = ["default"]
files = [
    {file = "hstspreload-2024.8.1-py3-none-any.whl", hash = "sha256:2528563eafb73ea19b47f063d297230315dd79f407ccf31740402813b8189d07"},
    {file = "hstspreload-2024.8.1.tar.gz", hash = "sha256:4cf79eec46dfaffdfd1807a4651acf47eb4f67e17bcc56abf06598822d4319ce"},
]

[[package]]
name = "httpcore"
version = "0.9.1"
requires_python = ">=3.6"
summary = "A minimal low-level HTTP client."
groups = ["default"]
dependencies = [
    "h11<0.10,>=0.8",
    "h2==3.*",
    "sniffio==1.*",
]
files = [
    {file = "httpcore-0.9.1-py3-none-any.whl", hash = "sha256:9850fe97a166a794d7e920590d5ec49a05488884c9fc8b5dba8561effab0c2a0"},
    {file = "httpcore-0.9.1.tar.gz", hash = "sha256:ecc5949310d9dae4de64648a4ce529f86df1f232ce23dcfefe737c24d21dfbe9"},
]

[[package]]
name = "httpx"
version = "0.13.3"
requires_python = ">=3.6"
summary = "The next generation HTTP client."
groups = ["default"]
dependencies = [
    "certifi",
    "chardet==3.*",
    "hstspreload",
    "httpcore==0.9.*",
    "idna==2.*",
    "rfc3986<2,>=1.3",
    "sniffio",
]
files = [
    {file = "httpx-0.13.3-py3-none-any.whl", hash = "sha256:32d930858eab677bc29a742aaa4f096de259f1c78c68a90ad11f5c3c04f08335"},
    {file = "httpx-0.13.3.tar.gz", hash = "sha256:3642bd13e90b80ba8a243a730275eb10a4c26ec96f5fc16b87e458d4ab21efae"},
]

[[package]]
name = "hyperframe"
version = "5.2.0"
summary = "HTTP/2 framing layer for Python"
groups = ["default"]
files = [
    {file = "hyperframe-5.2.0-py2.py3-none-any.whl", hash = "sha256:5187962cb16dcc078f23cb5a4b110098d546c3f41ff2d4038a9896893bbd0b40"},
    {file = "hyperframe-5.2.0.tar.gz", hash = "sha256:a9f5c17f2cc3c719b917c4f33ed1c61bd1f8dfac4b1bd23b7c80b3400971b41f"},
]

[[package]]
name = "idna"
version = "2.10"
requires_python = ">=2.7, !=3.0.*, !=3.1.*, !=3.2.*, !=3.3.*"
summary = "Internationalized Domain Names in Applications (IDNA)"
groups = ["default"]
files = [
    {file = "idna-2.10-py2.py3-none-any.whl", hash = "sha256:b97d804b1e9b523befed77c48dacec60e6dcb0b5391d57af6a65a312a90648c0"},
    {file = "idna-2.10.tar.gz", hash = "sha256:b307872f855b18632ce0c21c5e45be78c0ea7ae4c15c828c20788b26921eb3f6"},
]

[[package]]
name = "lxml"
version = "5.3.0"
requires_python = ">=3.6"
summary = "Powerful and Pythonic XML processing library combining libxml2/libxslt with the ElementTree API."
groups = ["default"]
files = [
    {file = "lxml-5.3.0-cp310-cp310-macosx_10_9_universal2.whl", hash = "sha256:dd36439be765e2dde7660212b5275641edbc813e7b24668831a5c8ac91180656"},
    {file = "lxml-5.3.0-cp310-cp310-macosx_10_9_x86_64.whl", hash = "sha256:ae5fe5c4b525aa82b8076c1a59d642c17b6e8739ecf852522c6321852178119d"},
    {file = "lxml-5.3.0-cp310-cp310-manylinux_2_12_i686.manylinux2010_i686.manylinux_2_17_i686.manylinux2014_i686.whl", hash = "sha256:501d0d7e26b4d261fca8132854d845e4988097611ba2531408ec91cf3fd9d20a"},
    {file = "lxml-5.3.0-cp310-cp310-manylinux_2_17_aarch64.manylinux2014_aarch64.whl", hash = "sha256:fb66442c2546446944437df74379e9cf9e9db353e61301d1a0e26482f43f0dd8"},
    {file = "lxml-5.3.0-cp310-cp310-manylinux_2_17_ppc64le.manylinux2014_ppc64le.whl", hash = "sha256:9e41506fec7a7f9405b14aa2d5c8abbb4dbbd09d88f9496958b6d00cb4d45330"},
    {file = "lxml-5.3.0-cp310-cp310-manylinux_2_17_s390x.manylinux2014_s390x.whl", hash = "sha256:f7d4a670107d75dfe5ad080bed6c341d18c4442f9378c9f58e5851e86eb79965"},
    {file = "lxml-5.3.0-cp310-cp310-manylinux_2_17_x86_64.manylinux2014_x86_64.whl", hash = "sha256:41ce1f1e2c7755abfc7e759dc34d7d05fd221723ff822947132dc934d122fe22"},
    {file = "lxml-5.3.0-cp310-cp310-manylinux_2_28_aarch64.whl", hash = "sha256:44264ecae91b30e5633013fb66f6ddd05c006d3e0e884f75ce0b4755b3e3847b"},
    {file = "lxml-5.3.0-cp310-cp310-manylinux_2_28_ppc64le.whl", hash = "sha256:3c174dc350d3ec52deb77f2faf05c439331d6ed5e702fc247ccb4e6b62d884b7"},
    {file = "lxml-5.3.0-cp310-cp310-manylinux_2_28_s390x.whl", hash = "sha256:2dfab5fa6a28a0b60a20638dc48e6343c02ea9933e3279ccb132f555a62323d8"},
    {file = "lxml-5.3.0-cp310-cp310-manylinux_2_28_x86_64.whl", hash = "sha256:b1c8c20847b9f34e98080da785bb2336ea982e7f913eed5809e5a3c872900f32"},
    {file = "lxml-5.3.0-cp310-cp310-musllinux_1_2_aarch64.whl", hash = "sha256:2c86bf781b12ba417f64f3422cfc302523ac9cd1d8ae8c0f92a1c66e56ef2e86"},
    {file = "lxml-5.3.0-cp310-cp310-musllinux_1_2_ppc64le.whl", hash = "sha256:c162b216070f280fa7da844531169be0baf9ccb17263cf5a8bf876fcd3117fa5"},
    {file = "lxml-5.3.0-cp310-cp310-musllinux_1_2_s390x.whl", hash = "sha256:36aef61a1678cb778097b4a6eeae96a69875d51d1e8f4d4b491ab3cfb54b5a03"},
    {file = "lxml-5.3.0-cp310-cp310-musllinux_1_2_x86_64.whl", hash = "sha256:f65e5120863c2b266dbcc927b306c5b78e502c71edf3295dfcb9501ec96e5fc7"},
    {file = "lxml-5.3.0-cp310-cp310-win32.whl", hash = "sha256:ef0c1fe22171dd7c7c27147f2e9c3e86f8bdf473fed75f16b0c2e84a5030ce80"},
    {file = "lxml-5.3.0-cp310-cp310-win_amd64.whl", hash = "sha256:052d99051e77a4f3e8482c65014cf6372e61b0a6f4fe9edb98503bb5364cfee3"},
    {file = "lxml-5.3.0-pp310-pypy310_pp73-macosx_10_15_x86_64.whl", hash = "sha256:7b1cd427cb0d5f7393c31b7496419da594fe600e6fdc4b105a54f82405e6626c"},
    {file = "lxml-5.3.0-pp310-pypy310_pp73-manylinux_2_17_aarch64.manylinux2014_aarch64.whl", hash = "sha256:51806cfe0279e06ed8500ce19479d757db42a30fd509940b1701be9c86a5ff9a"},
    {file = "lxml-5.3.0-pp310-pypy310_pp73-manylinux_2_17_x86_64.manylinux2014_x86_64.whl", hash = "sha256:ee70d08fd60c9565ba8190f41a46a54096afa0eeb8f76bd66f2c25d3b1b83005"},
    {file = "lxml-5.3.0-pp310-pypy310_pp73-manylinux_2_28_aarch64.whl", hash = "sha256:8dc2c0395bea8254d8daebc76dcf8eb3a95ec2a46fa6fae5eaccee366bfe02ce"},
    {file = "lxml-5.3.0-pp310-pypy310_pp73-manylinux_2_28_x86_64.whl", hash = "sha256:6ba0d3dcac281aad8a0e5b14c7ed6f9fa89c8612b47939fc94f80b16e2e9bc83"},
    {file = "lxml-5.3.0-pp310-pypy310_pp73-win_amd64.whl", hash = "sha256:6e91cf736959057f7aac7adfc83481e03615a8e8dd5758aa1d95ea69e8931dba"},
    {file = "lxml-5.3.0.tar.gz", hash = "sha256:4e109ca30d1edec1ac60cdbe341905dc3b8f55b16855e03a54aaf59e51ec8c6f"},
]

[[package]]
name = "markdown-it-py"
version = "3.0.0"
requires_python = ">=3.8"
summary = "Python port of markdown-it. Markdown parsing, done right!"
groups = ["default"]
dependencies = [
    "mdurl~=0.1",
]
files = [
    {file = "markdown-it-py-3.0.0.tar.gz", hash = "sha256:e3f60a94fa066dc52ec76661e37c851cb232d92f9886b15cb560aaada2df8feb"},
    {file = "markdown_it_py-3.0.0-py3-none-any.whl", hash = "sha256:355216845c60bd96232cd8d8c40e8f9765cc86f46880e43a8fd22dc1a1a8cab1"},
]

[[package]]
name = "mdurl"
version = "0.1.2"
requires_python = ">=3.7"
summary = "Markdown URL utilities"
groups = ["default"]
files = [
    {file = "mdurl-0.1.2-py3-none-any.whl", hash = "sha256:84008a41e51615a49fc9966191ff91509e3c40b939176e643fd50a5c2196b8f8"},
    {file = "mdurl-0.1.2.tar.gz", hash = "sha256:bb413d29f5eea38f31dd4754dd7377d4465116fb207585f97bf925588687c1ba"},
]

[[package]]
name = "progressbar2"
version = "4.4.2"
requires_python = ">=3.8"
summary = "A Python Progressbar library to provide visual (yet text based) progress to long running operations."
groups = ["default"]
dependencies = [
    "python-utils>=3.8.1",
]
files = [
    {file = "progressbar2-4.4.2-py3-none-any.whl", hash = "sha256:ec157391635b008b8a422326fb05c27045ffbb2dc8dab5e4d90d4d412c4ffd39"},
    {file = "progressbar2-4.4.2.tar.gz", hash = "sha256:3fda2e0c60693600a6585a784c9d3bc4e1dac57e99e133f8c0f5c8cf3df374a2"},
]

[[package]]
name = "proto-plus"
version = "1.24.0"
requires_python = ">=3.7"
summary = "Beautiful, Pythonic protocol buffers."
groups = ["default"]
dependencies = [
    "protobuf<6.0.0dev,>=3.19.0",
]
files = [
    {file = "proto-plus-1.24.0.tar.gz", hash = "sha256:30b72a5ecafe4406b0d339db35b56c4059064e69227b8c3bda7462397f966445"},
    {file = "proto_plus-1.24.0-py3-none-any.whl", hash = "sha256:402576830425e5f6ce4c2a6702400ac79897dab0b4343821aa5188b0fab81a12"},
]

[[package]]
name = "protobuf"
version = "3.20.3"
requires_python = ">=3.7"
summary = "Protocol Buffers"
groups = ["default"]
files = [
    {file = "protobuf-3.20.3-cp310-cp310-manylinux2014_aarch64.whl", hash = "sha256:f4bd856d702e5b0d96a00ec6b307b0f51c1982c2bf9c0052cf9019e9a544ba99"},
    {file = "protobuf-3.20.3-cp310-cp310-manylinux_2_12_x86_64.manylinux2010_x86_64.whl", hash = "sha256:9aae4406ea63d825636cc11ffb34ad3379335803216ee3a856787bcf5ccc751e"},
    {file = "protobuf-3.20.3-cp310-cp310-win32.whl", hash = "sha256:28545383d61f55b57cf4df63eebd9827754fd2dc25f80c5253f9184235db242c"},
    {file = "protobuf-3.20.3-cp310-cp310-win_amd64.whl", hash = "sha256:67a3598f0a2dcbc58d02dd1928544e7d88f764b47d4a286202913f0b2801c2e7"},
    {file = "protobuf-3.20.3-py2.py3-none-any.whl", hash = "sha256:a7ca6d488aa8ff7f329d4c545b2dbad8ac31464f1d8b1c87ad1346717731e4db"},
    {file = "protobuf-3.20.3.tar.gz", hash = "sha256:2e3427429c9cffebf259491be0af70189607f365c2f41c7c3764af6f337105f2"},
]

[[package]]
name = "pyasn1"
version = "0.6.0"
requires_python = ">=3.8"
summary = "Pure-Python implementation of ASN.1 types and DER/BER/CER codecs (X.208)"
groups = ["default"]
files = [
    {file = "pyasn1-0.6.0-py2.py3-none-any.whl", hash = "sha256:cca4bb0f2df5504f02f6f8a775b6e416ff9b0b3b16f7ee80b5a3153d9b804473"},
    {file = "pyasn1-0.6.0.tar.gz", hash = "sha256:3a35ab2c4b5ef98e17dfdec8ab074046fbda76e281c5a706ccd82328cfc8f64c"},
]

[[package]]
name = "pyasn1-modules"
version = "0.4.0"
requires_python = ">=3.8"
summary = "A collection of ASN.1-based protocols modules"
groups = ["default"]
dependencies = [
    "pyasn1<0.7.0,>=0.4.6",
]
files = [
    {file = "pyasn1_modules-0.4.0-py3-none-any.whl", hash = "sha256:be04f15b66c206eed667e0bb5ab27e2b1855ea54a842e5037738099e8ca4ae0b"},
    {file = "pyasn1_modules-0.4.0.tar.gz", hash = "sha256:831dbcea1b177b28c9baddf4c6d1013c24c3accd14a1873fffaa6a2e905f17b6"},
]

[[package]]
name = "pycparser"
version = "2.22"
requires_python = ">=3.8"
summary = "C parser in Python"
groups = ["default"]
marker = "platform_python_implementation == \"CPython\" and sys_platform == \"win32\""
files = [
    {file = "pycparser-2.22-py3-none-any.whl", hash = "sha256:c3702b6d3dd8c7abc1afa565d7e63d53a1d0bd86cdc24edd75470f4de499cfcc"},
    {file = "pycparser-2.22.tar.gz", hash = "sha256:491c8be9c040f5390f5bf44a5b07752bd07f56edf992381b05c701439eec10f6"},
]

[[package]]
name = "pygments"
version = "2.18.0"
requires_python = ">=3.8"
summary = "Pygments is a syntax highlighting package written in Python."
groups = ["default"]
files = [
    {file = "pygments-2.18.0-py3-none-any.whl", hash = "sha256:b8e6aca0523f3ab76fee51799c488e38782ac06eafcf95e7ba832985c8e7b13a"},
    {file = "pygments-2.18.0.tar.gz", hash = "sha256:786ff802f32e91311bff3889f6e9a86e81505fe99f2735bb6d60ae0c5004f199"},
]

[[package]]
name = "pysrt"
version = "1.1.2"
summary = "SubRip (.srt) subtitle parser and writer"
groups = ["default"]
dependencies = [
    "chardet",
]
files = [
    {file = "pysrt-1.1.2.tar.gz", hash = "sha256:b4f844ba33e4e7743e9db746492f3a193dc0bc112b153914698e7c1cdeb9b0b9"},
]

[[package]]
name = "pysubs2"
version = "1.7.3"
requires_python = ">=3.8"
summary = "A library for editing subtitle files"
groups = ["default"]
files = [
    {file = "pysubs2-1.7.3-py3-none-any.whl", hash = "sha256:de438c868d2c656781c4a78f220ec3a6fd6d52be49266c81fe912d2527002d44"},
    {file = "pysubs2-1.7.3.tar.gz", hash = "sha256:b0130f373390736754531be4e68a0fa521e825fa15cc8ff506e4f8ca2c17459a"},
]

[[package]]
name = "python-docx"
version = "1.1.2"
requires_python = ">=3.7"
summary = "Create, read, and update Microsoft Word .docx files."
groups = ["default"]
dependencies = [
    "lxml>=3.1.0",
    "typing-extensions>=4.9.0",
]
files = [
    {file = "python_docx-1.1.2-py3-none-any.whl", hash = "sha256:08c20d6058916fb19853fcf080f7f42b6270d89eac9fa5f8c15f691c0017fabe"},
    {file = "python_docx-1.1.2.tar.gz", hash = "sha256:0cf1f22e95b9002addca7948e16f2cd7acdfd498047f1941ca5d293db7762efd"},
]

[[package]]
name = "python-utils"
version = "3.8.2"
requires_python = ">3.8.0"
summary = "Python Utils is a module with some convenient utilities not included with the standard Python install"
groups = ["default"]
dependencies = [
    "typing-extensions>3.10.0.2",
]
files = [
    {file = "python-utils-3.8.2.tar.gz", hash = "sha256:c5d161e4ca58ce3f8c540f035e018850b261a41e7cb98f6ccf8e1deb7174a1f1"},
    {file = "python_utils-3.8.2-py2.py3-none-any.whl", hash = "sha256:ad0ccdbd6f856d015cace07f74828b9840b5c4072d9e868a7f6a14fd195555a8"},
]

[[package]]
name = "pyyaml"
version = "6.0.2"
requires_python = ">=3.8"
summary = "YAML parser and emitter for Python"
groups = ["default"]
files = [
    {file = "PyYAML-6.0.2-cp310-cp310-macosx_10_9_x86_64.whl", hash = "sha256:0a9a2848a5b7feac301353437eb7d5957887edbf81d56e903999a75a3d743086"},
    {file = "PyYAML-6.0.2-cp310-cp310-macosx_11_0_arm64.whl", hash = "sha256:29717114e51c84ddfba879543fb232a6ed60086602313ca38cce623c1d62cfbf"},
    {file = "PyYAML-6.0.2-cp310-cp310-manylinux_2_17_aarch64.manylinux2014_aarch64.whl", hash = "sha256:8824b5a04a04a047e72eea5cec3bc266db09e35de6bdfe34c9436ac5ee27d237"},
    {file = "PyYAML-6.0.2-cp310-cp310-manylinux_2_17_s390x.manylinux2014_s390x.whl", hash = "sha256:7c36280e6fb8385e520936c3cb3b8042851904eba0e58d277dca80a5cfed590b"},
    {file = "PyYAML-6.0.2-cp310-cp310-manylinux_2_17_x86_64.manylinux2014_x86_64.whl", hash = "sha256:ec031d5d2feb36d1d1a24380e4db6d43695f3748343d99434e6f5f9156aaa2ed"},
    {file = "PyYAML-6.0.2-cp310-cp310-musllinux_1_1_aarch64.whl", hash = "sha256:936d68689298c36b53b29f23c6dbb74de12b4ac12ca6cfe0e047bedceea56180"},
    {file = "PyYAML-6.0.2-cp310-cp310-musllinux_1_1_x86_64.whl", hash = "sha256:23502f431948090f597378482b4812b0caae32c22213aecf3b55325e049a6c68"},
    {file = "PyYAML-6.0.2-cp310-cp310-win32.whl", hash = "sha256:2e99c6826ffa974fe6e27cdb5ed0021786b03fc98e5ee3c5bfe1fd5015f42b99"},
    {file = "PyYAML-6.0.2-cp310-cp310-win_amd64.whl", hash = "sha256:a4d3091415f010369ae4ed1fc6b79def9416358877534caf6a0fdd2146c87a3e"},
    {file = "pyyaml-6.0.2.tar.gz", hash = "sha256:d584d9ec91ad65861cc08d42e834324ef890a082e591037abe114850ff7bbc3e"},
]

[[package]]
name = "requests"
version = "2.32.3"
requires_python = ">=3.8"
summary = "Python HTTP for Humans."
groups = ["default"]
dependencies = [
    "certifi>=2017.4.17",
    "charset-normalizer<4,>=2",
    "idna<4,>=2.5",
    "urllib3<3,>=1.21.1",
]
files = [
    {file = "requests-2.32.3-py3-none-any.whl", hash = "sha256:70761cfe03c773ceb22aa2f671b4757976145175cdfca038c02654d061d6dcc6"},
    {file = "requests-2.32.3.tar.gz", hash = "sha256:55365417734eb18255590a9ff9eb97e9e1da868d4ccd6402399eaf68af20a760"},
]

[[package]]
name = "rfc3986"
version = "1.5.0"
summary = "Validating URI References per RFC 3986"
groups = ["default"]
files = [
    {file = "rfc3986-1.5.0-py2.py3-none-any.whl", hash = "sha256:a86d6e1f5b1dc238b218b012df0aa79409667bb209e58da56d0b94704e712a97"},
    {file = "rfc3986-1.5.0.tar.gz", hash = "sha256:270aaf10d87d0d4e095063c65bf3ddbc6ee3d0b226328ce21e036f946e421835"},
]

[[package]]
name = "rich"
version = "13.7.1"
requires_python = ">=3.7.0"
summary = "Render rich text, tables, progress bars, syntax highlighting, markdown and more to the terminal"
groups = ["default"]
dependencies = [
    "markdown-it-py>=2.2.0",
    "pygments<3.0.0,>=2.13.0",
    "typing-extensions<5.0,>=4.0.0; python_version < \"3.9\"",
]
files = [
    {file = "rich-13.7.1-py3-none-any.whl", hash = "sha256:4edbae314f59eb482f54e9e30bf00d33350aaa94f4bfcd4e9e3110e64d0d7222"},
    {file = "rich-13.7.1.tar.gz", hash = "sha256:9be308cb1fe2f1f57d67ce99e95af38a1e2bc71ad9813b0e247cf7ffbcc3a432"},
]

[[package]]
name = "rsa"
version = "4.9"
requires_python = ">=3.6,<4"
summary = "Pure-Python RSA implementation"
groups = ["default"]
dependencies = [
    "pyasn1>=0.1.3",
]
files = [
    {file = "rsa-4.9-py3-none-any.whl", hash = "sha256:90260d9058e514786967344d0ef75fa8727eed8a7d2e43ce9f4bcf1b536174f7"},
    {file = "rsa-4.9.tar.gz", hash = "sha256:e38464a49c6c85d7f1351b0126661487a7e0a14a50f1675ec50eb34d4f20ef21"},
]

[[package]]
name = "send2trash"
version = "1.8.3"
requires_python = "!=3.0.*,!=3.1.*,!=3.2.*,!=3.3.*,!=3.4.*,!=3.5.*,>=2.7"
summary = "Send file to trash natively under Mac OS X, Windows and Linux"
groups = ["default"]
files = [
    {file = "Send2Trash-1.8.3-py3-none-any.whl", hash = "sha256:0c31227e0bd08961c7665474a3d1ef7193929fedda4233843689baa056be46c9"},
    {file = "Send2Trash-1.8.3.tar.gz", hash = "sha256:b18e7a3966d99871aefeb00cfbcfdced55ce4871194810fc71f4aa484b953abf"},
]

[[package]]
name = "setuptools"
version = "72.2.0"
requires_python = ">=3.8"
summary = "Easily download, build, install, upgrade, and uninstall Python packages"
groups = ["default"]
files = [
    {file = "setuptools-72.2.0-py3-none-any.whl", hash = "sha256:f11dd94b7bae3a156a95ec151f24e4637fb4fa19c878e4d191bfb8b2d82728c4"},
    {file = "setuptools-72.2.0.tar.gz", hash = "sha256:80aacbf633704e9c8bfa1d99fa5dd4dc59573efcf9e4042c13d3bcef91ac2ef9"},
]

[[package]]
name = "six"
version = "1.16.0"
requires_python = ">=2.7, !=3.0.*, !=3.1.*, !=3.2.*"
summary = "Python 2 and 3 compatibility utilities"
groups = ["default"]
files = [
    {file = "six-1.16.0-py2.py3-none-any.whl", hash = "sha256:8abb2f1d86890a2dfb989f9a77cfcfd3e47c2a354b01111771326f8aa26e0254"},
    {file = "six-1.16.0.tar.gz", hash = "sha256:1e61c37477a1626458e36f7b1d82aa5c9b094fa4802892072e49de9c60c4c926"},
]

[[package]]
name = "sniffio"
version = "1.3.1"
requires_python = ">=3.7"
summary = "Sniff out which async library your code is running under"
groups = ["default"]
files = [
    {file = "sniffio-1.3.1-py3-none-any.whl", hash = "sha256:2f6da418d1f1e0fddd844478f41680e794e6051915791a034ff65e5f100525a2"},
    {file = "sniffio-1.3.1.tar.gz", hash = "sha256:f4324edc670a0f49750a81b895f35c3adb843cca46f0530f79fc1babb23789dc"},
]

[[package]]
name = "termcolor"
version = "2.4.0"
requires_python = ">=3.8"
summary = "ANSI color formatting for output in terminal"
groups = ["default"]
files = [
    {file = "termcolor-2.4.0-py3-none-any.whl", hash = "sha256:9297c0df9c99445c2412e832e882a7884038a25617c60cea2ad69488d4040d63"},
    {file = "termcolor-2.4.0.tar.gz", hash = "sha256:aab9e56047c8ac41ed798fa36d892a37aca6b3e9159f3e0c24bc64a9b3ac7b7a"},
]

[[package]]
name = "typing-extensions"
version = "4.12.2"
requires_python = ">=3.8"
summary = "Backported and Experimental Type Hints for Python 3.8+"
groups = ["default"]
files = [
    {file = "typing_extensions-4.12.2-py3-none-any.whl", hash = "sha256:04e5ca0351e0f3f85c6853954072df659d0d13fac324d0072316b67d7794700d"},
    {file = "typing_extensions-4.12.2.tar.gz", hash = "sha256:1a7ead55c7e559dd4dee8856e3a88b41225abfe1ce8df57b7c13915fe121ffb8"},
]

[[package]]
name = "urllib3"
version = "2.2.2"
requires_python = ">=3.8"
summary = "HTTP library with thread-safe connection pooling, file post, and more."
groups = ["default"]
files = [
    {file = "urllib3-2.2.2-py3-none-any.whl", hash = "sha256:a448b2f64d686155468037e1ace9f2d2199776e17f0a46610480d311f73e3472"},
    {file = "urllib3-2.2.2.tar.gz", hash = "sha256:dd505485549a7a552833da5e6063639d0d177c04f23bc3864e41e5dc5f612168"},
]

[[package]]
name = "wcwidth"
version = "0.2.13"
summary = "Measures the displayed width of unicode strings in a terminal"
groups = ["default"]
dependencies = [
    "backports-functools-lru-cache>=1.2.1; python_version < \"3.2\"",
]
files = [
    {file = "wcwidth-0.2.13-py2.py3-none-any.whl", hash = "sha256:3da69048e4540d84af32131829ff948f1e022c1c6bdb8d6102117aac784f6859"},
    {file = "wcwidth-0.2.13.tar.gz", hash = "sha256:72ea0c06399eb286d978fdedb6923a9eb47e1c486ce63e9b4e64fc18303972b5"},
]

[[package]]
name = "websocket-client"
version = "1.8.0"
requires_python = ">=3.8"
summary = "WebSocket client for Python with low level API options"
groups = ["default"]
files = [
    {file = "websocket_client-1.8.0-py3-none-any.whl", hash = "sha256:17b44cc997f5c498e809b22cdf2d9c7a9e71c02c8cc2b6c56e7c2d1239bfa526"},
    {file = "websocket_client-1.8.0.tar.gz", hash = "sha256:3239df9f44da632f96012472805d40a23281a991027ce11d2f45a6f24ac4c3da"},
]

[[package]]
name = "zope-event"
version = "5.0"
requires_python = ">=3.7"
summary = "Very basic event publishing system"
groups = ["default"]
dependencies = [
    "setuptools",
]
files = [
    {file = "zope.event-5.0-py3-none-any.whl", hash = "sha256:2832e95014f4db26c47a13fdaef84cef2f4df37e66b59d8f1f4a8f319a632c26"},
    {file = "zope.event-5.0.tar.gz", hash = "sha256:bac440d8d9891b4068e2b5a2c5e2c9765a9df762944bda6955f96bb9b91e67cd"},
]

[[package]]
name = "zope-interface"
version = "7.0.1"
requires_python = ">=3.8"
summary = "Interfaces for Python"
groups = ["default"]
dependencies = [
    "setuptools",
]
files = [
    {file = "zope.interface-7.0.1-cp310-cp310-macosx_10_9_x86_64.whl", hash = "sha256:ec4e87e6fdc511a535254daa122c20e11959ce043b4e3425494b237692a34f1c"},
    {file = "zope.interface-7.0.1-cp310-cp310-macosx_11_0_arm64.whl", hash = "sha256:51d5713e8e38f2d3ec26e0dfdca398ed0c20abda2eb49ffc15a15a23eb8e5f6d"},
    {file = "zope.interface-7.0.1-cp310-cp310-manylinux_2_17_aarch64.manylinux2014_aarch64.whl", hash = "sha256:ea8d51e5eb29e57d34744369cd08267637aa5a0fefc9b5d33775ab7ff2ebf2e3"},
    {file = "zope.interface-7.0.1-cp310-cp310-manylinux_2_5_i686.manylinux1_i686.manylinux_2_17_i686.manylinux2014_i686.whl", hash = "sha256:55bbcc74dc0c7ab489c315c28b61d7a1d03cf938cc99cc58092eb065f120c3a5"},
    {file = "zope.interface-7.0.1-cp310-cp310-manylinux_2_5_x86_64.manylinux1_x86_64.manylinux_2_17_x86_64.manylinux2014_x86_64.whl", hash = "sha256:10ebac566dd0cec66f942dc759d46a994a2b3ba7179420f0e2130f88f8a5f400"},
    {file = "zope.interface-7.0.1-cp310-cp310-win_amd64.whl", hash = "sha256:7039e624bcb820f77cc2ff3d1adcce531932990eee16121077eb51d9c76b6c14"},
    {file = "zope.interface-7.0.1.tar.gz", hash = "sha256:f0f5fda7cbf890371a59ab1d06512da4f2c89a6ea194e595808123c863c38eff"},
]
